
Microsoft Visual Studio Solution File, Format Version 12.00
# Visual Studio Version 17
VisualStudioVersion = 17.9.34616.47
MinimumVisualStudioVersion = 10.0.40219.1
Project("{FAE04EC0-301F-11D3-BF4B-00C04F79EFBC}") = "CongressDataCollector", "CongressDataCollector\CongressDataCollector.csproj", "{532072DE-C8D8-4977-BCD6-9BCE2AEE3882}"
EndProject
Global
	GlobalSection(SolutionConfigurationPlatforms) = preSolution
		Debug|Any CPU = Debug|Any CPU
		Release|Any CPU = Release|Any CPU
	EndGlobalSection
	GlobalSection(ProjectConfigurationPlatforms) = postSolution
		{532072DE-C8D8-4977-BCD6-9BCE2AEE3882}.Debug|Any CPU.ActiveCfg = Debug|Any CPU
		{532072DE-C8D8-4977-BCD6-9BCE2AEE3882}.Debug|Any CPU.Build.0 = Debug|Any CPU
		{532072DE-C8D8-4977-BCD6-9BCE2AEE3882}.Release|Any CPU.ActiveCfg = Release|Any CPU
		{532072DE-C8D8-4977-BCD6-9BCE2AEE3882}.Release|Any CPU.Build.0 = Release|Any CPU
	EndGlobalSection
	GlobalSection(SolutionProperties) = preSolution
		HideSolutionNode = FALSE
	EndGlobalSection
	GlobalSection(ExtensibilityGlobals) = postSolution
		SolutionGuid = {2651F194-CA88-4354-B824-7AA92F4B7D41}
	EndGlobalSection
EndGlobal
